{
  "version": 4,
  "terraform_version": "1.12.2",
  "serial": 18,
  "lineage": "9ce47126-7f51-6b06-1717-35d9b852a4a3",
  "outputs": {},
  "resources": [
    {
      "mode": "managed",
      "type": "aws_iam_policy",
      "name": "cog_lambda_policy",
      "provider": "provider[\"registry.terraform.io/hashicorp/aws\"]",
      "instances": [
        {
          "schema_version": 0,
          "attributes": {
            "arn": "arn:aws:iam::757337303035:policy/lambda-cog-s3-policy",
            "attachment_count": 1,
            "description": "",
            "id": "arn:aws:iam::757337303035:policy/lambda-cog-s3-policy",
            "name": "lambda-cog-s3-policy",
            "name_prefix": "",
            "path": "/",
            "policy": "{\"Statement\":[{\"Action\":[\"s3:GetObject\",\"s3:PutObject\"],\"Effect\":\"Allow\",\"Resource\":[\"arn:aws:s3:::ftp-download-procalculo-west2\",\"arn:aws:s3:::ftp-download-procalculo-west2/*\"]},{\"Action\":[\"logs:CreateLogGroup\",\"logs:CreateLogStream\",\"logs:PutLogEvents\"],\"Effect\":\"Allow\",\"Resource\":\"arn:aws:logs:*:*:*\"}],\"Version\":\"2012-10-17\"}",
            "policy_id": "ANPA3AVGSE75QCVPZ7CJK",
            "tags": {},
            "tags_all": {}
          },
          "sensitive_attributes": [],
          "identity_schema_version": 0,
          "private": "bnVsbA=="
        }
      ]
    },
    {
      "mode": "managed",
      "type": "aws_iam_role",
      "name": "cog_lambda_role",
      "provider": "provider[\"registry.terraform.io/hashicorp/aws\"]",
      "instances": [
        {
          "schema_version": 0,
          "attributes": {
            "arn": "arn:aws:iam::757337303035:role/lambda-cog-role",
            "assume_role_policy": "{\"Statement\":[{\"Action\":\"sts:AssumeRole\",\"Effect\":\"Allow\",\"Principal\":{\"Service\":\"lambda.amazonaws.com\"}}],\"Version\":\"2012-10-17\"}",
            "create_date": "2025-07-04T15:40:51Z",
            "description": "",
            "force_detach_policies": false,
            "id": "lambda-cog-role",
            "inline_policy": [],
            "managed_policy_arns": [
              "arn:aws:iam::757337303035:policy/lambda-cog-s3-policy"
            ],
            "max_session_duration": 3600,
            "name": "lambda-cog-role",
            "name_prefix": "",
            "path": "/",
            "permissions_boundary": "",
            "tags": {},
            "tags_all": {},
            "unique_id": "AROA3AVGSE756ZCMKDS6T"
          },
          "sensitive_attributes": [],
          "identity_schema_version": 0,
          "identity": {
            "account_id": "757337303035",
            "name": "lambda-cog-role"
          },
          "private": "bnVsbA=="
        }
      ]
    },
    {
      "mode": "managed",
      "type": "aws_iam_role_policy_attachment",
      "name": "cog_lambda_policy_attach",
      "provider": "provider[\"registry.terraform.io/hashicorp/aws\"]",
      "instances": [
        {
          "schema_version": 0,
          "attributes": {
            "id": "lambda-cog-role/arn:aws:iam::757337303035:policy/lambda-cog-s3-policy",
            "policy_arn": "arn:aws:iam::757337303035:policy/lambda-cog-s3-policy",
            "role": "lambda-cog-role"
          },
          "sensitive_attributes": [],
          "identity_schema_version": 0,
          "identity": {
            "account_id": "757337303035",
            "policy_arn": "arn:aws:iam::757337303035:policy/lambda-cog-s3-policy",
            "role": "lambda-cog-role"
          },
          "private": "bnVsbA==",
          "dependencies": [
            "aws_iam_policy.cog_lambda_policy",
            "aws_iam_role.cog_lambda_role"
          ]
        }
      ]
    },
    {
      "mode": "managed",
      "type": "aws_lambda_function",
      "name": "cog_lambda",
      "provider": "provider[\"registry.terraform.io/hashicorp/aws\"]",
      "instances": [
        {
          "schema_version": 0,
          "attributes": {
            "architectures": [
              "x86_64"
            ],
            "arn": "arn:aws:lambda:us-west-2:757337303035:function:convert-to-cog",
            "code_sha256": "8BuTNyiKgc8u6o2/kUF5CKGHfsq1P/vpNfFn3mjHe00=",
            "code_signing_config_arn": "",
            "dead_letter_config": [],
            "description": "",
            "environment": [
              {
                "variables": {
                  "S3_BUCKET": "ftp-download-procalculo-west2"
                }
              }
            ],
            "ephemeral_storage": [
              {
                "size": 10240
              }
            ],
            "file_system_config": [],
            "filename": "./lambda_cog_package.zip",
            "function_name": "convert-to-cog",
            "handler": "lambda_function.lambda_handler",
            "id": "convert-to-cog",
            "image_config": [],
            "image_uri": "",
            "invoke_arn": "arn:aws:apigateway:us-west-2:lambda:path/2015-03-31/functions/arn:aws:lambda:us-west-2:757337303035:function:convert-to-cog/invocations",
            "kms_key_arn": "",
            "last_modified": "2025-07-10T17:40:21.000+0000",
            "layers": [
              "arn:aws:lambda:us-west-2:757337303035:layer:rasterio-cogeo-layer:2"
            ],
            "logging_config": [
              {
                "application_log_level": "",
                "log_format": "Text",
                "log_group": "/aws/lambda/convert-to-cog",
                "system_log_level": ""
              }
            ],
            "memory_size": 1024,
            "package_type": "Zip",
            "publish": true,
            "qualified_arn": "arn:aws:lambda:us-west-2:757337303035:function:convert-to-cog:4",
            "qualified_invoke_arn": "arn:aws:apigateway:us-west-2:lambda:path/2015-03-31/functions/arn:aws:lambda:us-west-2:757337303035:function:convert-to-cog:4/invocations",
            "region": "us-west-2",
            "replace_security_groups_on_destroy": null,
            "replacement_security_group_ids": null,
            "reserved_concurrent_executions": -1,
            "role": "arn:aws:iam::757337303035:role/lambda-cog-role",
            "runtime": "python3.11",
            "s3_bucket": null,
            "s3_key": null,
            "s3_object_version": null,
            "signing_job_arn": "",
            "signing_profile_version_arn": "",
            "skip_destroy": false,
            "snap_start": [],
            "source_code_hash": "8BuTNyiKgc8u6o2/kUF5CKGHfsq1P/vpNfFn3mjHe00=",
            "source_code_size": 1220,
            "tags": {},
            "tags_all": {},
            "timeout": 900,
            "timeouts": null,
            "tracing_config": [
              {
                "mode": "PassThrough"
              }
            ],
            "version": "4",
            "vpc_config": []
          },
          "sensitive_attributes": [],
          "identity_schema_version": 0,
          "private": "eyJlMmJmYjczMC1lY2FhLTExZTYtOGY4OC0zNDM2M2JjN2M0YzAiOnsiY3JlYXRlIjo2MDAwMDAwMDAwMDAsImRlbGV0ZSI6NjAwMDAwMDAwMDAwLCJ1cGRhdGUiOjYwMDAwMDAwMDAwMH19",
          "dependencies": [
            "aws_iam_role.cog_lambda_role",
            "aws_lambda_layer_version.rasterio_layer"
          ]
        }
      ]
    },
    {
      "mode": "managed",
      "type": "aws_lambda_layer_version",
      "name": "rasterio_layer",
      "provider": "provider[\"registry.terraform.io/hashicorp/aws\"]",
      "instances": [
        {
          "schema_version": 0,
          "attributes": {
            "arn": "arn:aws:lambda:us-west-2:757337303035:layer:rasterio-cogeo-layer:2",
            "code_sha256": "YGH4bLoZzduWpanzUARirLzjH3INWbKme41fF450BtI=",
            "compatible_architectures": [],
            "compatible_runtimes": [
              "python3.11"
            ],
            "created_date": "2025-07-10T13:50:52.829+0000",
            "description": "",
            "filename": "./lambda_rasterio_layer.zip",
            "id": "arn:aws:lambda:us-west-2:757337303035:layer:rasterio-cogeo-layer:2",
            "layer_arn": "arn:aws:lambda:us-west-2:757337303035:layer:rasterio-cogeo-layer",
            "layer_name": "rasterio-cogeo-layer",
            "license_info": "",
            "region": "us-west-2",
            "s3_bucket": null,
            "s3_key": null,
            "s3_object_version": null,
            "signing_job_arn": "",
            "signing_profile_version_arn": "",
            "skip_destroy": false,
            "source_code_hash": "YGH4bLoZzduWpanzUARirLzjH3INWbKme41fF450BtI=",
            "source_code_size": 49402409,
            "version": "2"
          },
          "sensitive_attributes": [],
          "identity_schema_version": 0,
          "private": "bnVsbA=="
        }
      ]
    }
  ],
  "check_results": null
}
