{
  "version": 4,
  "terraform_version": "1.12.2",
  "serial": 7,
  "lineage": "97751cfb-1ba1-e525-d23b-fb39e00a4184",
  "outputs": {},
  "resources": [
    {
      "mode": "managed",
      "type": "aws_iam_policy",
      "name": "unzip_lambda_policy",
      "provider": "provider[\"registry.terraform.io/hashicorp/aws\"]",
      "instances": [
        {
          "schema_version": 0,
          "attributes": {
            "arn": "arn:aws:iam::757337303035:policy/lambda-unzip-s3-policy",
            "attachment_count": 1,
            "description": "",
            "id": "arn:aws:iam::757337303035:policy/lambda-unzip-s3-policy",
            "name": "lambda-unzip-s3-policy",
            "name_prefix": "",
            "path": "/",
            "policy": "{\"Statement\":[{\"Action\":[\"s3:GetObject\",\"s3:PutObject\",\"s3:ListBucket\"],\"Effect\":\"Allow\",\"Resource\":[\"arn:aws:s3:::ftp-download-procalculo-west2\",\"arn:aws:s3:::ftp-download-procalculo-west2/*\"]},{\"Action\":[\"logs:*\"],\"Effect\":\"Allow\",\"Resource\":\"*\"}],\"Version\":\"2012-10-17\"}",
            "policy_id": "ANPA3AVGSE75QG34MYPBT",
            "tags": {},
            "tags_all": {}
          },
          "sensitive_attributes": [],
          "identity_schema_version": 0,
          "private": "bnVsbA=="
        }
      ]
    },
    {
      "mode": "managed",
      "type": "aws_iam_role",
      "name": "unzip_lambda_role",
      "provider": "provider[\"registry.terraform.io/hashicorp/aws\"]",
      "instances": [
        {
          "schema_version": 0,
          "attributes": {
            "arn": "arn:aws:iam::757337303035:role/lambda-unzip-role",
            "assume_role_policy": "{\"Statement\":[{\"Action\":\"sts:AssumeRole\",\"Effect\":\"Allow\",\"Principal\":{\"Service\":\"lambda.amazonaws.com\"}}],\"Version\":\"2012-10-17\"}",
            "create_date": "2025-07-04T14:41:24Z",
            "description": "",
            "force_detach_policies": false,
            "id": "lambda-unzip-role",
            "inline_policy": [],
            "managed_policy_arns": [
              "arn:aws:iam::757337303035:policy/lambda-unzip-s3-policy"
            ],
            "max_session_duration": 3600,
            "name": "lambda-unzip-role",
            "name_prefix": "",
            "path": "/",
            "permissions_boundary": "",
            "tags": {},
            "tags_all": {},
            "unique_id": "AROA3AVGSE754SASIFO4V"
          },
          "sensitive_attributes": [],
          "identity_schema_version": 0,
          "identity": {
            "account_id": "757337303035",
            "name": "lambda-unzip-role"
          },
          "private": "bnVsbA=="
        }
      ]
    },
    {
      "mode": "managed",
      "type": "aws_iam_role_policy_attachment",
      "name": "unzip_lambda_policy_attach",
      "provider": "provider[\"registry.terraform.io/hashicorp/aws\"]",
      "instances": [
        {
          "schema_version": 0,
          "attributes": {
            "id": "lambda-unzip-role/arn:aws:iam::757337303035:policy/lambda-unzip-s3-policy",
            "policy_arn": "arn:aws:iam::757337303035:policy/lambda-unzip-s3-policy",
            "role": "lambda-unzip-role"
          },
          "sensitive_attributes": [],
          "identity_schema_version": 0,
          "identity": {
            "account_id": "757337303035",
            "policy_arn": "arn:aws:iam::757337303035:policy/lambda-unzip-s3-policy",
            "role": "lambda-unzip-role"
          },
          "private": "bnVsbA==",
          "dependencies": [
            "aws_iam_policy.unzip_lambda_policy",
            "aws_iam_role.unzip_lambda_role"
          ]
        }
      ]
    },
    {
      "mode": "managed",
      "type": "aws_lambda_function",
      "name": "unzip_lambda",
      "provider": "provider[\"registry.terraform.io/hashicorp/aws\"]",
      "instances": [
        {
          "schema_version": 0,
          "attributes": {
            "architectures": [
              "x86_64"
            ],
            "arn": "arn:aws:lambda:us-west-2:757337303035:function:unzip-s3-files",
            "code_sha256": "J6DkYZbowS+0oMArphBoPGXKpsiY1j1+Gf6LutY+2oI=",
            "code_signing_config_arn": "",
            "dead_letter_config": [],
            "description": "",
            "environment": [],
            "ephemeral_storage": [
              {
                "size": 10240
              }
            ],
            "file_system_config": [],
            "filename": "./lambda_package.zip",
            "function_name": "unzip-s3-files",
            "handler": "lambda_function.lambda_handler",
            "id": "unzip-s3-files",
            "image_config": [],
            "image_uri": "",
            "invoke_arn": "arn:aws:apigateway:us-west-2:lambda:path/2015-03-31/functions/arn:aws:lambda:us-west-2:757337303035:function:unzip-s3-files/invocations",
            "kms_key_arn": "",
            "last_modified": "2025-07-04T14:48:48.000+0000",
            "layers": [],
            "logging_config": [
              {
                "application_log_level": "",
                "log_format": "Text",
                "log_group": "/aws/lambda/unzip-s3-files",
                "system_log_level": ""
              }
            ],
            "memory_size": 1024,
            "package_type": "Zip",
            "publish": false,
            "qualified_arn": "arn:aws:lambda:us-west-2:757337303035:function:unzip-s3-files:$LATEST",
            "qualified_invoke_arn": "arn:aws:apigateway:us-west-2:lambda:path/2015-03-31/functions/arn:aws:lambda:us-west-2:757337303035:function:unzip-s3-files:$LATEST/invocations",
            "region": "us-west-2",
            "replace_security_groups_on_destroy": null,
            "replacement_security_group_ids": null,
            "reserved_concurrent_executions": -1,
            "role": "arn:aws:iam::757337303035:role/lambda-unzip-role",
            "runtime": "python3.11",
            "s3_bucket": null,
            "s3_key": null,
            "s3_object_version": null,
            "signing_job_arn": "",
            "signing_profile_version_arn": "",
            "skip_destroy": false,
            "snap_start": [],
            "source_code_hash": "J6DkYZbowS+0oMArphBoPGXKpsiY1j1+Gf6LutY+2oI=",
            "source_code_size": 810,
            "tags": {},
            "tags_all": {},
            "timeout": 300,
            "timeouts": null,
            "tracing_config": [
              {
                "mode": "PassThrough"
              }
            ],
            "version": "$LATEST",
            "vpc_config": []
          },
          "sensitive_attributes": [],
          "identity_schema_version": 0,
          "private": "eyJlMmJmYjczMC1lY2FhLTExZTYtOGY4OC0zNDM2M2JjN2M0YzAiOnsiY3JlYXRlIjo2MDAwMDAwMDAwMDAsImRlbGV0ZSI6NjAwMDAwMDAwMDAwLCJ1cGRhdGUiOjYwMDAwMDAwMDAwMH19",
          "dependencies": [
            "aws_iam_role.unzip_lambda_role"
          ]
        }
      ]
    }
  ],
  "check_results": null
}
